
Microsoft Visual Studio Solution File, Format Version 12.00
# Visual Studio Version 17
VisualStudioVersion = 17.0.32112.339
MinimumVisualStudioVersion = 10.0.40219.1
Project("{FAE04EC0-301F-11D3-BF4B-00C04F79EFBC}") = "DataStructure", "DataStructure\DataStructure.csproj", "{B452E54A-D3C3-45B2-9D12-C8045A0BA29B}"
EndProject
Global
	GlobalSection(SolutionConfigurationPlatforms) = preSolution
		Debug|Any CPU = Debug|Any CPU
		Release|Any CPU = Release|Any CPU
	EndGlobalSection
	GlobalSection(ProjectConfigurationPlatforms) = postSolution
		{B452E54A-D3C3-45B2-9D12-C8045A0BA29B}.Debug|Any CPU.ActiveCfg = Debug|Any CPU
		{B452E54A-D3C3-45B2-9D12-C8045A0BA29B}.Debug|Any CPU.Build.0 = Debug|Any CPU
		{B452E54A-D3C3-45B2-9D12-C8045A0BA29B}.Release|Any CPU.ActiveCfg = Release|Any CPU
		{B452E54A-D3C3-45B2-9D12-C8045A0BA29B}.Release|Any CPU.Build.0 = Release|Any CPU
	EndGlobalSection
	GlobalSection(SolutionProperties) = preSolution
		HideSolutionNode = FALSE
	EndGlobalSection
	GlobalSection(ExtensibilityGlobals) = postSolution
		SolutionGuid = {0B5ECF62-D764-4E27-A7E0-BD415C100258}
	EndGlobalSection
EndGlobal
